# lwpt.lock - generated by lwpt; do not edit by hand.
version = 3

[package.cli]
source = "workspace:auto"
resolvedRef = ""
resolvedURL = ""
computedHash = "sha256:ba909d9a4409c5e8c43343bb68bf466250b0898655ec25dfc1877f4c93b4ad84"
archiveHash = ""

[package.httpclient]
source = "workspace:auto"
resolvedRef = ""
resolvedURL = ""
computedHash = "sha256:4d3a6f3834cbf65fc7cfc15ff0349e25b976044b37167e5f126c9ed6847a64ec"
archiveHash = ""

[package.semver]
source = "workspace:auto"
resolvedRef = ""
resolvedURL = ""
computedHash = "sha256:d32c37fdb0676716b156aaa99035c03ad21a89562dd945b7804a5c871fad0b77"
archiveHash = ""

[package.testing]
source = "workspace:auto"
resolvedRef = ""
resolvedURL = ""
computedHash = "sha256:84bdec764c00df79bec40d10d3ff8d666e398a18b1aa5bea76f94fae49a82449"
archiveHash = ""

[package.toml]
source = "workspace:auto"
resolvedRef = ""
resolvedURL = ""
computedHash = "sha256:9e7759b15a78db47fc3dfc21d73dee1d3e42cec11d26ebc4e8c33c6532d6f5e6"
archiveHash = ""
