# lwpt.lock - generated by lwpt; do not edit by hand.
version = 3

[package.cli]
source = "workspace:auto"
resolvedRef = ""
resolvedURL = ""
computedHash = "sha256:4f2986d98b064a2fd09ad604b42ebf1cf569e4d9f839c643da3be15560dc6190"
archiveHash = ""

[package.httpclient]
source = "workspace:auto"
resolvedRef = ""
resolvedURL = ""
computedHash = "sha256:8b7c062323bfc55a0b7c04007d6190fc1b8bf24c59cd40087b3333c062d34ee6"
archiveHash = ""

[package.semver]
source = "workspace:auto"
resolvedRef = ""
resolvedURL = ""
computedHash = "sha256:d32c37fdb0676716b156aaa99035c03ad21a89562dd945b7804a5c871fad0b77"
archiveHash = ""

[package.testing]
source = "workspace:auto"
resolvedRef = ""
resolvedURL = ""
computedHash = "sha256:bfc10c0467a564719856b4b18ede0a0b38569146931ceca4bffce11aeae16cbf"
archiveHash = ""

[package.toml]
source = "workspace:auto"
resolvedRef = ""
resolvedURL = ""
computedHash = "sha256:9e7759b15a78db47fc3dfc21d73dee1d3e42cec11d26ebc4e8c33c6532d6f5e6"
archiveHash = ""
