# lwpt.lock - generated by lwpt; do not edit by hand.
version = 3

[package.cli]
source = "workspace:auto"
resolvedRef = ""
resolvedURL = ""
computedHash = "sha256:685365863fc865d27d7d64f37b90bb5e633135bef730b7dad28293d4002603ff"
archiveHash = ""

[package.httpclient]
source = "workspace:auto"
resolvedRef = ""
resolvedURL = ""
computedHash = "sha256:aed7f08fa73e842c2daa52cfbff6a85f5bc36edcf859aa8e1e1bef3001c3c873"
archiveHash = ""

[package.semver]
source = "workspace:auto"
resolvedRef = ""
resolvedURL = ""
computedHash = "sha256:d32c37fdb0676716b156aaa99035c03ad21a89562dd945b7804a5c871fad0b77"
archiveHash = ""

[package.testing]
source = "workspace:auto"
resolvedRef = ""
resolvedURL = ""
computedHash = "sha256:84bdec764c00df79bec40d10d3ff8d666e398a18b1aa5bea76f94fae49a82449"
archiveHash = ""

[package.toml]
source = "workspace:auto"
resolvedRef = ""
resolvedURL = ""
computedHash = "sha256:9e7759b15a78db47fc3dfc21d73dee1d3e42cec11d26ebc4e8c33c6532d6f5e6"
archiveHash = ""
